
Microsoft Visual Studio Solution File, Format Version 12.00
# Visual Studio 15
VisualStudioVersion = 15.0.27130.2027
MinimumVisualStudioVersion = 10.0.40219.1
Project("{FAE04EC0-301F-11D3-BF4B-00C04F79EFBC}") = "Proyecto.Web", "Proyecto.Web\Proyecto.Web.csproj", "{EFDFA1F7-3CF2-4D18-8BD4-7F23EA646B0B}"
	ProjectSection(ProjectDependencies) = postProject
		{2ADE883F-652D-432E-AF7E-2622116450E7} = {2ADE883F-652D-432E-AF7E-2622116450E7}
	EndProjectSection
EndProject
Project("{FAE04EC0-301F-11D3-BF4B-00C04F79EFBC}") = "Proyecto.Logica", "Proyecto.Logica\Proyecto.Logica.csproj", "{14F4100C-79B7-485F-995D-5BF29CD4F45D}"
EndProject
Project("{FAE04EC0-301F-11D3-BF4B-00C04F79EFBC}") = "Proyecto.Ws", "Proyecto.Ws\Proyecto.Ws.csproj", "{2ADE883F-652D-432E-AF7E-2622116450E7}"
EndProject
Global
	GlobalSection(SolutionConfigurationPlatforms) = preSolution
		Debug|Any CPU = Debug|Any CPU
		Release|Any CPU = Release|Any CPU
	EndGlobalSection
	GlobalSection(ProjectConfigurationPlatforms) = postSolution
		{EFDFA1F7-3CF2-4D18-8BD4-7F23EA646B0B}.Debug|Any CPU.ActiveCfg = Debug|Any CPU
		{EFDFA1F7-3CF2-4D18-8BD4-7F23EA646B0B}.Debug|Any CPU.Build.0 = Debug|Any CPU
		{EFDFA1F7-3CF2-4D18-8BD4-7F23EA646B0B}.Release|Any CPU.ActiveCfg = Release|Any CPU
		{EFDFA1F7-3CF2-4D18-8BD4-7F23EA646B0B}.Release|Any CPU.Build.0 = Release|Any CPU
		{14F4100C-79B7-485F-995D-5BF29CD4F45D}.Debug|Any CPU.ActiveCfg = Debug|Any CPU
		{14F4100C-79B7-485F-995D-5BF29CD4F45D}.Debug|Any CPU.Build.0 = Debug|Any CPU
		{14F4100C-79B7-485F-995D-5BF29CD4F45D}.Release|Any CPU.ActiveCfg = Release|Any CPU
		{14F4100C-79B7-485F-995D-5BF29CD4F45D}.Release|Any CPU.Build.0 = Release|Any CPU
		{2ADE883F-652D-432E-AF7E-2622116450E7}.Debug|Any CPU.ActiveCfg = Debug|Any CPU
		{2ADE883F-652D-432E-AF7E-2622116450E7}.Debug|Any CPU.Build.0 = Debug|Any CPU
		{2ADE883F-652D-432E-AF7E-2622116450E7}.Release|Any CPU.ActiveCfg = Release|Any CPU
		{2ADE883F-652D-432E-AF7E-2622116450E7}.Release|Any CPU.Build.0 = Release|Any CPU
	EndGlobalSection
	GlobalSection(SolutionProperties) = preSolution
		HideSolutionNode = FALSE
	EndGlobalSection
	GlobalSection(ExtensibilityGlobals) = postSolution
		SolutionGuid = {B4450DC5-095B-4FC7-8C04-1F83D65C012E}
	EndGlobalSection
EndGlobal
